
Microsoft Visual Studio Solution File, Format Version 12.00
# Visual Studio Version 16
VisualStudioVersion = 16.0.32901.82
MinimumVisualStudioVersion = 10.0.40219.1
Project("{9A19103F-16F7-4668-BE54-9A1E7A4F7556}") = "ObjectsCompare", "ObjectsCompare.csproj", "{E34CD15C-2D28-47D6-A098-784603C549EF}"
EndProject
Global
	GlobalSection(SolutionConfigurationPlatforms) = preSolution
		Debug|Any CPU = Debug|Any CPU
		Release|Any CPU = Release|Any CPU
	EndGlobalSection
	GlobalSection(ProjectConfigurationPlatforms) = postSolution
		{E34CD15C-2D28-47D6-A098-784603C549EF}.Debug|Any CPU.ActiveCfg = Debug|Any CPU
		{E34CD15C-2D28-47D6-A098-784603C549EF}.Debug|Any CPU.Build.0 = Debug|Any CPU
		{E34CD15C-2D28-47D6-A098-784603C549EF}.Release|Any CPU.ActiveCfg = Release|Any CPU
		{E34CD15C-2D28-47D6-A098-784603C549EF}.Release|Any CPU.Build.0 = Release|Any CPU
	EndGlobalSection
	GlobalSection(SolutionProperties) = preSolution
		HideSolutionNode = FALSE
	EndGlobalSection
	GlobalSection(ExtensibilityGlobals) = postSolution
		SolutionGuid = {63DE564C-4A0E-4ACC-9AC2-2597E3210952}
	EndGlobalSection
EndGlobal
